
Microsoft Visual Studio Solution File, Format Version 12.00
# Visual Studio Version 17
VisualStudioVersion = 17.0.31912.275
MinimumVisualStudioVersion = 10.0.40219.1
Project("{FAE04EC0-301F-11D3-BF4B-00C04F79EFBC}") = "BC.API", "BC.API\BC.API.csproj", "{8FC52DAD-F265-4F79-B7F7-41A8686DF36F}"
EndProject
Global
	GlobalSection(SolutionConfigurationPlatforms) = preSolution
		Debug|Any CPU = Debug|Any CPU
		Release|Any CPU = Release|Any CPU
	EndGlobalSection
	GlobalSection(ProjectConfigurationPlatforms) = postSolution
		{8FC52DAD-F265-4F79-B7F7-41A8686DF36F}.Debug|Any CPU.ActiveCfg = Debug|Any CPU
		{8FC52DAD-F265-4F79-B7F7-41A8686DF36F}.Debug|Any CPU.Build.0 = Debug|Any CPU
		{8FC52DAD-F265-4F79-B7F7-41A8686DF36F}.Release|Any CPU.ActiveCfg = Release|Any CPU
		{8FC52DAD-F265-4F79-B7F7-41A8686DF36F}.Release|Any CPU.Build.0 = Release|Any CPU
	EndGlobalSection
	GlobalSection(SolutionProperties) = preSolution
		HideSolutionNode = FALSE
	EndGlobalSection
	GlobalSection(ExtensibilityGlobals) = postSolution
		SolutionGuid = {F8558BFF-0937-4D46-BA77-8B7152429347}
	EndGlobalSection
EndGlobal
